
Microsoft Visual Studio Solution File, Format Version 12.00
# Visual Studio Version 16
VisualStudioVersion = 16.0.29326.143
MinimumVisualStudioVersion = 10.0.40219.1
Project("{FAE04EC0-301F-11D3-BF4B-00C04F79EFBC}") = "Activit 1", "Activit 1.csproj", "{7778B453-2775-4CEF-89B3-2198EBC423E8}"
EndProject
Project("{FAE04EC0-301F-11D3-BF4B-00C04F79EFBC}") = "Activity 2", "..\Activity_2\Activity 2.csproj", "{1AC74F09-273D-4AC6-9535-329EF7049E47}"
EndProject
Project("{FAE04EC0-301F-11D3-BF4B-00C04F79EFBC}") = "Activity 3", "..\Activity 3\Activity 3.csproj", "{1A522AAF-3BC7-4D19-90F1-55C6B8951BB5}"
EndProject
Project("{FAE04EC0-301F-11D3-BF4B-00C04F79EFBC}") = "Activity 4", "..\Activity 4\Activity 4.csproj", "{FB8F3412-3191-4405-8CB1-6BD999FE96D4}"
EndProject
Project("{FAE04EC0-301F-11D3-BF4B-00C04F79EFBC}") = "Activity 5", "..\Activity 5\Activity 5.csproj", "{04C1880B-BD01-4F20-B5CF-26C6A763E11B}"
EndProject
Project("{FAE04EC0-301F-11D3-BF4B-00C04F79EFBC}") = "PathFinder Interface", "..\PathFinder Interface\PathFinder Interface.csproj", "{344D8FA5-BE29-40B8-B826-D0566A709678}"
EndProject
Project("{FAE04EC0-301F-11D3-BF4B-00C04F79EFBC}") = "Heaph_PathFinding", "..\Heaph_PathFinding\Heaph_PathFinding.csproj", "{0D7927E6-11BF-43AA-8D5A-33A739071CBA}"
EndProject
Global
	GlobalSection(SolutionConfigurationPlatforms) = preSolution
		Debug|Any CPU = Debug|Any CPU
		Release|Any CPU = Release|Any CPU
	EndGlobalSection
	GlobalSection(ProjectConfigurationPlatforms) = postSolution
		{7778B453-2775-4CEF-89B3-2198EBC423E8}.Debug|Any CPU.ActiveCfg = Debug|Any CPU
		{7778B453-2775-4CEF-89B3-2198EBC423E8}.Debug|Any CPU.Build.0 = Debug|Any CPU
		{7778B453-2775-4CEF-89B3-2198EBC423E8}.Release|Any CPU.ActiveCfg = Release|Any CPU
		{7778B453-2775-4CEF-89B3-2198EBC423E8}.Release|Any CPU.Build.0 = Release|Any CPU
		{1AC74F09-273D-4AC6-9535-329EF7049E47}.Debug|Any CPU.ActiveCfg = Debug|Any CPU
		{1AC74F09-273D-4AC6-9535-329EF7049E47}.Debug|Any CPU.Build.0 = Debug|Any CPU
		{1AC74F09-273D-4AC6-9535-329EF7049E47}.Release|Any CPU.ActiveCfg = Release|Any CPU
		{1AC74F09-273D-4AC6-9535-329EF7049E47}.Release|Any CPU.Build.0 = Release|Any CPU
		{1A522AAF-3BC7-4D19-90F1-55C6B8951BB5}.Debug|Any CPU.ActiveCfg = Debug|Any CPU
		{1A522AAF-3BC7-4D19-90F1-55C6B8951BB5}.Debug|Any CPU.Build.0 = Debug|Any CPU
		{1A522AAF-3BC7-4D19-90F1-55C6B8951BB5}.Release|Any CPU.ActiveCfg = Release|Any CPU
		{1A522AAF-3BC7-4D19-90F1-55C6B8951BB5}.Release|Any CPU.Build.0 = Release|Any CPU
		{FB8F3412-3191-4405-8CB1-6BD999FE96D4}.Debug|Any CPU.ActiveCfg = Debug|Any CPU
		{FB8F3412-3191-4405-8CB1-6BD999FE96D4}.Debug|Any CPU.Build.0 = Debug|Any CPU
		{FB8F3412-3191-4405-8CB1-6BD999FE96D4}.Release|Any CPU.ActiveCfg = Release|Any CPU
		{FB8F3412-3191-4405-8CB1-6BD999FE96D4}.Release|Any CPU.Build.0 = Release|Any CPU
		{04C1880B-BD01-4F20-B5CF-26C6A763E11B}.Debug|Any CPU.ActiveCfg = Debug|Any CPU
		{04C1880B-BD01-4F20-B5CF-26C6A763E11B}.Debug|Any CPU.Build.0 = Debug|Any CPU
		{04C1880B-BD01-4F20-B5CF-26C6A763E11B}.Release|Any CPU.ActiveCfg = Release|Any CPU
		{04C1880B-BD01-4F20-B5CF-26C6A763E11B}.Release|Any CPU.Build.0 = Release|Any CPU
		{344D8FA5-BE29-40B8-B826-D0566A709678}.Debug|Any CPU.ActiveCfg = Debug|Any CPU
		{344D8FA5-BE29-40B8-B826-D0566A709678}.Debug|Any CPU.Build.0 = Debug|Any CPU
		{344D8FA5-BE29-40B8-B826-D0566A709678}.Release|Any CPU.ActiveCfg = Release|Any CPU
		{344D8FA5-BE29-40B8-B826-D0566A709678}.Release|Any CPU.Build.0 = Release|Any CPU
		{0D7927E6-11BF-43AA-8D5A-33A739071CBA}.Debug|Any CPU.ActiveCfg = Debug|Any CPU
		{0D7927E6-11BF-43AA-8D5A-33A739071CBA}.Debug|Any CPU.Build.0 = Debug|Any CPU
		{0D7927E6-11BF-43AA-8D5A-33A739071CBA}.Release|Any CPU.ActiveCfg = Release|Any CPU
		{0D7927E6-11BF-43AA-8D5A-33A739071CBA}.Release|Any CPU.Build.0 = Release|Any CPU
	EndGlobalSection
	GlobalSection(SolutionProperties) = preSolution
		HideSolutionNode = FALSE
	EndGlobalSection
	GlobalSection(ExtensibilityGlobals) = postSolution
		SolutionGuid = {96D5428D-20BC-4EE3-8F23-5CFEC6A5418D}
	EndGlobalSection
EndGlobal
